Microsoft Visual Studio Solution File, Format Version 11.00
# Visual Studio 2008

Project("{78E1C27A-C410-8BE4-F971-8A50F6F38B8B}") = "The fantastic world of Miauland", "Assembly-CSharp-vs.csproj", "{A2099AA4-A71A-F1DE-05F8-82BD8A09ADF8}"
EndProject
Global
	GlobalSection(SolutionConfigurationPlatforms) = preSolution
		Debug|Any CPU = Debug|Any CPU
		Release|Any CPU = Release|Any CPU
	EndGlobalSection
	GlobalSection(ProjectConfigurationPlatforms) = postSolution
		{A2099AA4-A71A-F1DE-05F8-82BD8A09ADF8}.Debug|Any CPU.ActiveCfg = Debug|Any CPU
		{A2099AA4-A71A-F1DE-05F8-82BD8A09ADF8}.Debug|Any CPU.Build.0 = Debug|Any CPU
		{A2099AA4-A71A-F1DE-05F8-82BD8A09ADF8}.Release|Any CPU.ActiveCfg = Release|Any CPU
		{A2099AA4-A71A-F1DE-05F8-82BD8A09ADF8}.Release|Any CPU.Build.0 = Release|Any CPU
	EndGlobalSection
	GlobalSection(SolutionProperties) = preSolution
		HideSolutionNode = FALSE
	EndGlobalSection
																													GlobalSection(MonoDevelopProperties) = preSolution
		StartupItem = Assembly-CSharp.csproj
		Policies = $0
		$0.TextStylePolicy = $1
		$1.inheritsSet = null
		$1.scope = text/x-csharp
		$0.CSharpFormattingPolicy = $2
		$2.inheritsSet = Mono
		$2.inheritsScope = text/x-csharp
		$2.scope = text/x-csharp
		$0.TextStylePolicy = $3
		$3.FileWidth = 120
		$3.TabWidth = 4
		$3.EolMarker = Unix
		$3.inheritsSet = Mono
		$3.inheritsScope = text/plain
		$3.scope = text/plain
	EndGlobalSection

EndGlobal
